Microsoft Visual Studio Solution File, Format Version 12.00
# Visual Studio Version 17
VisualStudioVersion = 17.5.2.0
MinimumVisualStudioVersion = 10.0.40219.1
Project("{FAE04EC0-301F-11D3-BF4B-00C04F79EFBC}") = "BenchmarkOptions", "BenchmarkOptions.csproj", "{C0F5880A-A355-71D1-CEAE-8CF650502D15}"
EndProject
Global
	GlobalSection(SolutionConfigurationPlatforms) = preSolution
		Debug|Any CPU = Debug|Any CPU
		Release|Any CPU = Release|Any CPU
	EndGlobalSection
	GlobalSection(ProjectConfigurationPlatforms) = postSolution
		{C0F5880A-A355-71D1-CEAE-8CF650502D15}.Debug|Any CPU.ActiveCfg = Debug|Any CPU
		{C0F5880A-A355-71D1-CEAE-8CF650502D15}.Debug|Any CPU.Build.0 = Debug|Any CPU
		{C0F5880A-A355-71D1-CEAE-8CF650502D15}.Release|Any CPU.ActiveCfg = Release|Any CPU
		{C0F5880A-A355-71D1-CEAE-8CF650502D15}.Release|Any CPU.Build.0 = Release|Any CPU
	EndGlobalSection
	GlobalSection(SolutionProperties) = preSolution
		HideSolutionNode = FALSE
	EndGlobalSection
	GlobalSection(ExtensibilityGlobals) = postSolution
		SolutionGuid = {42F6E0B6-565C-4F2A-BC13-0461D83ADC04}
	EndGlobalSection
EndGlobal
